{
  "name": "lxgw-wenkai-screen-webfont",
  "version": "1.7.0",
  "lockfileVersion": 3,
  "requires": true,
  "packages": {
    "": {
      "name": "lxgw-wenkai-screen-webfont",
      "version": "1.7.0",
      "license": "MIT",
      "dependencies": {
        "lxgw-wenkai-screen-webfont": "file:"
      }
    },
    "node_modules/lxgw-wenkai-screen-webfont": {
      "resolved": "",
      "link": true
    }
  }
}
